
Microsoft Visual Studio Solution File, Format Version 12.00
# Visual Studio Version 17
VisualStudioVersion = 17.6.33723.286
MinimumVisualStudioVersion = 10.0.40219.1
Project("{FAE04EC0-301F-11D3-BF4B-00C04F79EFBC}") = "WebAppAsync2", "WebAppAsync2\WebAppAsync2.csproj", "{BFC03658-8DD8-4327-A129-A3A9B60A09D3}"
EndProject
Global
	GlobalSection(SolutionConfigurationPlatforms) = preSolution
		Debug|Any CPU = Debug|Any CPU
		Release|Any CPU = Release|Any CPU
	EndGlobalSection
	GlobalSection(ProjectConfigurationPlatforms) = postSolution
		{BFC03658-8DD8-4327-A129-A3A9B60A09D3}.Debug|Any CPU.ActiveCfg = Debug|Any CPU
		{BFC03658-8DD8-4327-A129-A3A9B60A09D3}.Debug|Any CPU.Build.0 = Debug|Any CPU
		{BFC03658-8DD8-4327-A129-A3A9B60A09D3}.Release|Any CPU.ActiveCfg = Release|Any CPU
		{BFC03658-8DD8-4327-A129-A3A9B60A09D3}.Release|Any CPU.Build.0 = Release|Any CPU
	EndGlobalSection
	GlobalSection(SolutionProperties) = preSolution
		HideSolutionNode = FALSE
	EndGlobalSection
	GlobalSection(ExtensibilityGlobals) = postSolution
		SolutionGuid = {67C28B2A-375C-4947-9561-77928BB5228F}
	EndGlobalSection
EndGlobal
